
Microsoft Visual Studio Solution File, Format Version 12.00
Project("{FAE04EC0-301F-11D3-BF4B-00C04F79EFBC}") = "LibCrypt", "LibCrypt\LibCrypt.csproj", "{1C950F1B-87D5-44AB-B151-07DE410F3DBA}"
EndProject
Project("{FAE04EC0-301F-11D3-BF4B-00C04F79EFBC}") = "ExampleTestCryptLibrary", "ExampleTestCryptLibrary\ExampleTestCryptLibrary.csproj", "{617B0A08-1E5B-4FA0-A02D-549937F1CFD6}"
EndProject
Global
	GlobalSection(SolutionConfigurationPlatforms) = preSolution
		Debug|Any CPU = Debug|Any CPU
		Release|Any CPU = Release|Any CPU
	EndGlobalSection
	GlobalSection(ProjectConfigurationPlatforms) = postSolution
		{1C950F1B-87D5-44AB-B151-07DE410F3DBA}.Debug|Any CPU.ActiveCfg = Debug|Any CPU
		{1C950F1B-87D5-44AB-B151-07DE410F3DBA}.Debug|Any CPU.Build.0 = Debug|Any CPU
		{1C950F1B-87D5-44AB-B151-07DE410F3DBA}.Release|Any CPU.ActiveCfg = Release|Any CPU
		{1C950F1B-87D5-44AB-B151-07DE410F3DBA}.Release|Any CPU.Build.0 = Release|Any CPU
		{617B0A08-1E5B-4FA0-A02D-549937F1CFD6}.Debug|Any CPU.ActiveCfg = Debug|Any CPU
		{617B0A08-1E5B-4FA0-A02D-549937F1CFD6}.Debug|Any CPU.Build.0 = Debug|Any CPU
		{617B0A08-1E5B-4FA0-A02D-549937F1CFD6}.Release|Any CPU.ActiveCfg = Release|Any CPU
		{617B0A08-1E5B-4FA0-A02D-549937F1CFD6}.Release|Any CPU.Build.0 = Release|Any CPU
	EndGlobalSection
EndGlobal
